
Microsoft Visual Studio Solution File, Format Version 12.00
# Visual Studio Version 16
VisualStudioVersion = 16.0.32002.261
MinimumVisualStudioVersion = 10.0.40219.1
Project("{FAE04EC0-301F-11D3-BF4B-00C04F79EFBC}") = "Shapes", "Shapes\Shapes.csproj", "{9B39C5D7-B740-4ADA-A77B-33E1ADCD85A6}"
EndProject
Project("{FAE04EC0-301F-11D3-BF4B-00C04F79EFBC}") = "CalculateShapesInInterface", "CalculateShapesInInterface\CalculateShapesInInterface.csproj", "{73ACC6FE-2C20-426F-969C-F9AF240159C6}"
EndProject
Global
	GlobalSection(SolutionConfigurationPlatforms) = preSolution
		Debug|Any CPU = Debug|Any CPU
		Release|Any CPU = Release|Any CPU
	EndGlobalSection
	GlobalSection(ProjectConfigurationPlatforms) = postSolution
		{9B39C5D7-B740-4ADA-A77B-33E1ADCD85A6}.Debug|Any CPU.ActiveCfg = Debug|Any CPU
		{9B39C5D7-B740-4ADA-A77B-33E1ADCD85A6}.Debug|Any CPU.Build.0 = Debug|Any CPU
		{9B39C5D7-B740-4ADA-A77B-33E1ADCD85A6}.Release|Any CPU.ActiveCfg = Release|Any CPU
		{9B39C5D7-B740-4ADA-A77B-33E1ADCD85A6}.Release|Any CPU.Build.0 = Release|Any CPU
		{73ACC6FE-2C20-426F-969C-F9AF240159C6}.Debug|Any CPU.ActiveCfg = Debug|Any CPU
		{73ACC6FE-2C20-426F-969C-F9AF240159C6}.Debug|Any CPU.Build.0 = Debug|Any CPU
		{73ACC6FE-2C20-426F-969C-F9AF240159C6}.Release|Any CPU.ActiveCfg = Release|Any CPU
		{73ACC6FE-2C20-426F-969C-F9AF240159C6}.Release|Any CPU.Build.0 = Release|Any CPU
	EndGlobalSection
	GlobalSection(SolutionProperties) = preSolution
		HideSolutionNode = FALSE
	EndGlobalSection
	GlobalSection(ExtensibilityGlobals) = postSolution
		SolutionGuid = {87EB1F1D-287D-4CF6-9865-66E63ABB76F6}
	EndGlobalSection
EndGlobal
